// !$*UTF8*$!
{
	archiveVersion = 1;
	classes = {
	};
	objectVersion = 56;
	objects = {

/* Begin PBXBuildFile section */
		75651DD829CB6DC8000D225B /* Check_SplitApp.swift in Sources */ = {isa = PBXBuildFile; fileRef = 75651DD729CB6DC8000D225B /* Check_SplitApp.swift */; };
		75651DDA29CB6DC8000D225B /* ContentView.swift in Sources */ = {isa = PBXBuildFile; fileRef = 75651DD929CB6DC8000D225B /* ContentView.swift */; };
		75651DDC29CB6DC9000D225B /* Assets.xcassets in Resources */ = {isa = PBXBuildFile; fileRef = 75651DDB29CB6DC9000D225B /* Assets.xcassets */; };
		75651DDF29CB6DC9000D225B /* Preview Assets.xcassets in Resources */ = {isa = PBXBuildFile; fileRef = 75651DDE29CB6DC9000D225B /* Preview Assets.xcassets */; };
		75EBF54E2AE3080B00B631B7 /* DarkModeScene1.png in Resources */ = {isa = PBXBuildFile; fileRef = 75EBF5482AE3080A00B631B7 /* DarkModeScene1.png */; };
		75EBF54F2AE3080B00B631B7 /* DarkModeScene2.png in Resources */ = {isa = PBXBuildFile; fileRef = 75EBF5492AE3080A00B631B7 /* DarkModeScene2.png */; };
		75EBF5502AE3080B00B631B7 /* LightModeScene2.png in Resources */ = {isa = PBXBuildFile; fileRef = 75EBF54A2AE3080A00B631B7 /* LightModeScene2.png */; };
		75EBF5512AE3080B00B631B7 /* LightModeScene1.png in Resources */ = {isa = PBXBuildFile; fileRef = 75EBF54B2AE3080A00B631B7 /* LightModeScene1.png */; };
		75EBF5522AE3080B00B631B7 /* LightModeScene3.png in Resources */ = {isa = PBXBuildFile; fileRef = 75EBF54C2AE3080B00B631B7 /* LightModeScene3.png */; };
		75EBF5532AE3080B00B631B7 /* DarkModeScene3.png in Resources */ = {isa = PBXBuildFile; fileRef = 75EBF54D2AE3080B00B631B7 /* DarkModeScene3.png */; };
		75EBF5562AE3081600B631B7 /* DarkModeGif.gif in Resources */ = {isa = PBXBuildFile; fileRef = 75EBF5542AE3081600B631B7 /* DarkModeGif.gif */; };
		75EBF5572AE3081600B631B7 /* LightModeGif.gif in Resources */ = {isa = PBXBuildFile; fileRef = 75EBF5552AE3081600B631B7 /* LightModeGif.gif */; };
/* End PBXBuildFile section */

/* Begin PBXFileReference section */
		75651DD429CB6DC8000D225B /* Check-Split.app */ = {isa = PBXFileReference; explicitFileType = wrapper.application; includeInIndex = 0; path = "Check-Split.app"; sourceTree = BUILT_PRODUCTS_DIR; };
		75651DD729CB6DC8000D225B /* Check_SplitApp.swift */ = {isa = PBXFileReference; lastKnownFileType = sourcecode.swift; path = Check_SplitApp.swift; sourceTree = "<group>"; };
		75651DD929CB6DC8000D225B /* ContentView.swift */ = {isa = PBXFileReference; lastKnownFileType = sourcecode.swift; path = ContentView.swift; sourceTree = "<group>"; };
		75651DDB29CB6DC9000D225B /* Assets.xcassets */ = {isa = PBXFileReference; lastKnownFileType = folder.assetcatalog; path = Assets.xcassets; sourceTree = "<group>"; };
		75651DDE29CB6DC9000D225B /* Preview Assets.xcassets */ = {isa = PBXFileReference; lastKnownFileType = folder.assetcatalog; path = "Preview Assets.xcassets"; sourceTree = "<group>"; };
		75EBF5452AE302A100B631B7 /* README.md */ = {isa = PBXFileReference; lastKnownFileType = net.daringfireball.markdown; path = README.md; sourceTree = "<group>"; };
		75EBF5482AE3080A00B631B7 /* DarkModeScene1.png */ = {isa = PBXFileReference; lastKnownFileType = image.png; path = DarkModeScene1.png; sourceTree = "<group>"; };
		75EBF5492AE3080A00B631B7 /* DarkModeScene2.png */ = {isa = PBXFileReference; lastKnownFileType = image.png; path = DarkModeScene2.png; sourceTree = "<group>"; };
		75EBF54A2AE3080A00B631B7 /* LightModeScene2.png */ = {isa = PBXFileReference; lastKnownFileType = image.png; path = LightModeScene2.png; sourceTree = "<group>"; };
		75EBF54B2AE3080A00B631B7 /* LightModeScene1.png */ = {isa = PBXFileReference; lastKnownFileType = image.png; path = LightModeScene1.png; sourceTree = "<group>"; };
		75EBF54C2AE3080B00B631B7 /* LightModeScene3.png */ = {isa = PBXFileReference; lastKnownFileType = image.png; path = LightModeScene3.png; sourceTree = "<group>"; };
		75EBF54D2AE3080B00B631B7 /* DarkModeScene3.png */ = {isa = PBXFileReference; lastKnownFileType = image.png; path = DarkModeScene3.png; sourceTree = "<group>"; };
		75EBF5542AE3081600B631B7 /* DarkModeGif.gif */ = {isa = PBXFileReference; lastKnownFileType = image.gif; path = DarkModeGif.gif; sourceTree = "<group>"; };
		75EBF5552AE3081600B631B7 /* LightModeGif.gif */ = {isa = PBXFileReference; lastKnownFileType = image.gif; path = LightModeGif.gif; sourceTree = "<group>"; };
/* End PBXFileReference section */

/* Begin PBXFrameworksBuildPhase section */
		75651DD129CB6DC8000D225B /* Frameworks */ = {
			isa = PBXFrameworksBuildPhase;
			buildActionMask = 2147483647;
			files = (
			);
			runOnlyForDeploymentPostprocessing = 0;
		};
/* End PBXFrameworksBuildPhase section */

/* Begin PBXGroup section */
		75651DCB29CB6DC8000D225B = {
			isa = PBXGroup;
			children = (
				75EBF5472AE307EA00B631B7 /* Gifs */,
				75EBF5462AE307E500B631B7 /* Images */,
				75EBF5452AE302A100B631B7 /* README.md */,
				75651DD629CB6DC8000D225B /* Check-Split */,
				75651DD529CB6DC8000D225B /* Products */,
			);
			sourceTree = "<group>";
		};
		75651DD529CB6DC8000D225B /* Products */ = {
			isa = PBXGroup;
			children = (
				75651DD429CB6DC8000D225B /* Check-Split.app */,
			);
			name = Products;
			sourceTree = "<group>";
		};
		75651DD629CB6DC8000D225B /* Check-Split */ = {
			isa = PBXGroup;
			children = (
				75651DD729CB6DC8000D225B /* Check_SplitApp.swift */,
				75651DD929CB6DC8000D225B /* ContentView.swift */,
				75651DDB29CB6DC9000D225B /* Assets.xcassets */,
				75651DDD29CB6DC9000D225B /* Preview Content */,
			);
			path = "Check-Split";
			sourceTree = "<group>";
		};
		75651DDD29CB6DC9000D225B /* Preview Content */ = {
			isa = PBXGroup;
			children = (
				75651DDE29CB6DC9000D225B /* Preview Assets.xcassets */,
			);
			path = "Preview Content";
			sourceTree = "<group>";
		};
		75EBF5462AE307E500B631B7 /* Images */ = {
			isa = PBXGroup;
			children = (
				75EBF5482AE3080A00B631B7 /* DarkModeScene1.png */,
				75EBF5492AE3080A00B631B7 /* DarkModeScene2.png */,
				75EBF54D2AE3080B00B631B7 /* DarkModeScene3.png */,
				75EBF54B2AE3080A00B631B7 /* LightModeScene1.png */,
				75EBF54A2AE3080A00B631B7 /* LightModeScene2.png */,
				75EBF54C2AE3080B00B631B7 /* LightModeScene3.png */,
			);
			path = Images;
			sourceTree = "<group>";
		};
		75EBF5472AE307EA00B631B7 /* Gifs */ = {
			isa = PBXGroup;
			children = (
				75EBF5542AE3081600B631B7 /* DarkModeGif.gif */,
				75EBF5552AE3081600B631B7 /* LightModeGif.gif */,
			);
			path = Gifs;
			sourceTree = "<group>";
		};
/* End PBXGroup section */

/* Begin PBXNativeTarget section */
		75651DD329CB6DC8000D225B /* Check-Split */ = {
			isa = PBXNativeTarget;
			buildConfigurationList = 75651DE229CB6DC9000D225B /* Build configuration list for PBXNativeTarget "Check-Split" */;
			buildPhases = (
				75651DD029CB6DC8000D225B /* Sources */,
				75651DD129CB6DC8000D225B /* Frameworks */,
				75651DD229CB6DC8000D225B /* Resources */,
			);
			buildRules = (
			);
			dependencies = (
			);
			name = "Check-Split";
			productName = "Check-Split";
			productReference = 75651DD429CB6DC8000D225B /* Check-Split.app */;
			productType = "com.apple.product-type.application";
		};
/* End PBXNativeTarget section */

/* Begin PBXProject section */
		75651DCC29CB6DC8000D225B /* Project object */ = {
			isa = PBXProject;
			attributes = {
				BuildIndependentTargetsInParallel = 1;
				LastSwiftUpdateCheck = 1420;
				LastUpgradeCheck = 1500;
				TargetAttributes = {
					75651DD329CB6DC8000D225B = {
						CreatedOnToolsVersion = 14.2;
					};
				};
			};
			buildConfigurationList = 75651DCF29CB6DC8000D225B /* Build configuration list for PBXProject "Check-Split" */;
			compatibilityVersion = "Xcode 14.0";
			developmentRegion = en;
			hasScannedForEncodings = 0;
			knownRegions = (
				en,
				Base,
			);
			mainGroup = 75651DCB29CB6DC8000D225B;
			productRefGroup = 75651DD529CB6DC8000D225B /* Products */;
			projectDirPath = "";
			projectRoot = "";
			targets = (
				75651DD329CB6DC8000D225B /* Check-Split */,
			);
		};
/* End PBXProject section */

/* Begin PBXResourcesBuildPhase section */
		75651DD229CB6DC8000D225B /* Resources */ = {
			isa = PBXResourcesBuildPhase;
			buildActionMask = 2147483647;
			files = (
				75EBF5562AE3081600B631B7 /* DarkModeGif.gif in Resources */,
				75EBF5502AE3080B00B631B7 /* LightModeScene2.png in Resources */,
				75EBF54F2AE3080B00B631B7 /* DarkModeScene2.png in Resources */,
				75EBF5512AE3080B00B631B7 /* LightModeScene1.png in Resources */,
				75EBF54E2AE3080B00B631B7 /* DarkModeScene1.png in Resources */,
				75EBF5522AE3080B00B631B7 /* LightModeScene3.png in Resources */,
				75EBF5532AE3080B00B631B7 /* DarkModeScene3.png in Resources */,
				75EBF5572AE3081600B631B7 /* LightModeGif.gif in Resources */,
				75651DDF29CB6DC9000D225B /* Preview Assets.xcassets in Resources */,
				75651DDC29CB6DC9000D225B /* Assets.xcassets in Resources */,
			);
			runOnlyForDeploymentPostprocessing = 0;
		};
/* End PBXResourcesBuildPhase section */

/* Begin PBXSourcesBuildPhase section */
		75651DD029CB6DC8000D225B /* Sources */ = {
			isa = PBXSourcesBuildPhase;
			buildActionMask = 2147483647;
			files = (
				75651DDA29CB6DC8000D225B /* ContentView.swift in Sources */,
				75651DD829CB6DC8000D225B /* Check_SplitApp.swift in Sources */,
			);
			runOnlyForDeploymentPostprocessing = 0;
		};
/* End PBXSourcesBuildPhase section */

/* Begin XCBuildConfiguration section */
		75651DE029CB6DC9000D225B /* Debug */ = {
			isa = XCBuildConfiguration;
			buildSettings = {
				ALWAYS_SEARCH_USER_PATHS = NO;
				CLANG_ANALYZER_NONNULL = YES;
				CLANG_ANALYZER_NUMBER_OBJECT_CONVERSION = YES_AGGRESSIVE;
				CLANG_CXX_LANGUAGE_STANDARD = "gnu++20";
				CLANG_ENABLE_MODULES = YES;
				CLANG_ENABLE_OBJC_ARC = YES;
				CLANG_ENABLE_OBJC_WEAK = YES;
				CLANG_WARN_BLOCK_CAPTURE_AUTORELEASING = YES;
				CLANG_WARN_BOOL_CONVERSION = YES;
				CLANG_WARN_COMMA = YES;
				CLANG_WARN_CONSTANT_CONVERSION = YES;
				CLANG_WARN_DEPRECATED_OBJC_IMPLEMENTATIONS = YES;
				CLANG_WARN_DIRECT_OBJC_ISA_USAGE = YES_ERROR;
				CLANG_WARN_DOCUMENTATION_COMMENTS = YES;
				CLANG_WARN_EMPTY_BODY = YES;
				CLANG_WARN_ENUM_CONVERSION = YES;
				CLANG_WARN_INFINITE_RECURSION = YES;
				CLANG_WARN_INT_CONVERSION = YES;
				CLANG_WARN_NON_LITERAL_NULL_CONVERSION = YES;
				CLANG_WARN_OBJC_IMPLICIT_RETAIN_SELF = YES;
				CLANG_WARN_OBJC_LITERAL_CONVERSION = YES;
				CLANG_WARN_OBJC_ROOT_CLASS = YES_ERROR;
				CLANG_WARN_QUOTED_INCLUDE_IN_FRAMEWORK_HEADER = YES;
				CLANG_WARN_RANGE_LOOP_ANALYSIS = YES;
				CLANG_WARN_STRICT_PROTOTYPES = YES;
				CLANG_WARN_SUSPICIOUS_MOVE = YES;
				CLANG_WARN_UNGUARDED_AVAILABILITY = YES_AGGRESSIVE;
				CLANG_WARN_UNREACHABLE_CODE = YES;
				CLANG_WARN__DUPLICATE_METHOD_MATCH = YES;
				COPY_PHASE_STRIP = NO;
				DEBUG_INFORMATION_FORMAT = dwarf;
				ENABLE_STRICT_OBJC_MSGSEND = YES;
				ENABLE_TESTABILITY = YES;
				ENABLE_USER_SCRIPT_SANDBOXING = YES;
				GCC_C_LANGUAGE_STANDARD = gnu11;
				GCC_DYNAMIC_NO_PIC = NO;
				GCC_NO_COMMON_BLOCKS = YES;
				GCC_OPTIMIZATION_LEVEL = 0;
				GCC_PREPROCESSOR_DEFINITIONS = (
					"DEBUG=1",
					"$(inherited)",
				);
				GCC_WARN_64_TO_32_BIT_CONVERSION = YES;
				GCC_WARN_ABOUT_RETURN_TYPE = YES_ERROR;
				GCC_WARN_UNDECLARED_SELECTOR = YES;
				GCC_WARN_UNINITIALIZED_AUTOS = YES_AGGRESSIVE;
				GCC_WARN_UNUSED_FUNCTION = YES;
				GCC_WARN_UNUSED_VARIABLE = YES;
				IPHONEOS_DEPLOYMENT_TARGET = 16.2;
				MTL_ENABLE_DEBUG_INFO = INCLUDE_SOURCE;
				MTL_FAST_MATH = YES;
				ONLY_ACTIVE_ARCH = YES;
				SDKROOT = iphoneos;
				SWIFT_ACTIVE_COMPILATION_CONDITIONS = DEBUG;
				SWIFT_OPTIMIZATION_LEVEL = "-Onone";
			};
			name = Debug;
		};
		75651DE129CB6DC9000D225B /* Release */ = {
			isa = XCBuildConfiguration;
			buildSettings = {
				ALWAYS_SEARCH_USER_PATHS = NO;
				CLANG_ANALYZER_NONNULL = YES;
				CLANG_ANALYZER_NUMBER_OBJECT_CONVERSION = YES_AGGRESSIVE;
				CLANG_CXX_LANGUAGE_STANDARD = "gnu++20";
				CLANG_ENABLE_MODULES = YES;
				CLANG_ENABLE_OBJC_ARC = YES;
				CLANG_ENABLE_OBJC_WEAK = YES;
				CLANG_WARN_BLOCK_CAPTURE_AUTORELEASING = YES;
				CLANG_WARN_BOOL_CONVERSION = YES;
				CLANG_WARN_COMMA = YES;
				CLANG_WARN_CONSTANT_CONVERSION = YES;
				CLANG_WARN_DEPRECATED_OBJC_IMPLEMENTATIONS = YES;
				CLANG_WARN_DIRECT_OBJC_ISA_USAGE = YES_ERROR;
				CLANG_WARN_DOCUMENTATION_COMMENTS = YES;
				CLANG_WARN_EMPTY_BODY = YES;
				CLANG_WARN_ENUM_CONVERSION = YES;
				CLANG_WARN_INFINITE_RECURSION = YES;
				CLANG_WARN_INT_CONVERSION = YES;
				CLANG_WARN_NON_LITERAL_NULL_CONVERSION = YES;
				CLANG_WARN_OBJC_IMPLICIT_RETAIN_SELF = YES;
				CLANG_WARN_OBJC_LITERAL_CONVERSION = YES;
				CLANG_WARN_OBJC_ROOT_CLASS = YES_ERROR;
				CLANG_WARN_QUOTED_INCLUDE_IN_FRAMEWORK_HEADER = YES;
				CLANG_WARN_RANGE_LOOP_ANALYSIS = YES;
				CLANG_WARN_STRICT_PROTOTYPES = YES;
				CLANG_WARN_SUSPICIOUS_MOVE = YES;
				CLANG_WARN_UNGUARDED_AVAILABILITY = YES_AGGRESSIVE;
				CLANG_WARN_UNREACHABLE_CODE = YES;
				CLANG_WARN__DUPLICATE_METHOD_MATCH = YES;
				COPY_PHASE_STRIP = NO;
				DEBUG_INFORMATION_FORMAT = "dwarf-with-dsym";
				ENABLE_NS_ASSERTIONS = NO;
				ENABLE_STRICT_OBJC_MSGSEND = YES;
				ENABLE_USER_SCRIPT_SANDBOXING = YES;
				GCC_C_LANGUAGE_STANDARD = gnu11;
				GCC_NO_COMMON_BLOCKS = YES;
				GCC_WARN_64_TO_32_BIT_CONVERSION = YES;
				GCC_WARN_ABOUT_RETURN_TYPE = YES_ERROR;
				GCC_WARN_UNDECLARED_SELECTOR = YES;
				GCC_WARN_UNINITIALIZED_AUTOS = YES_AGGRESSIVE;
				GCC_WARN_UNUSED_FUNCTION = YES;
				GCC_WARN_UNUSED_VARIABLE = YES;
				IPHONEOS_DEPLOYMENT_TARGET = 16.2;
				MTL_ENABLE_DEBUG_INFO = NO;
				MTL_FAST_MATH = YES;
				SDKROOT = iphoneos;
				SWIFT_COMPILATION_MODE = wholemodule;
				SWIFT_OPTIMIZATION_LEVEL = "-O";
				VALIDATE_PRODUCT = YES;
			};
			name = Release;
		};
		75651DE329CB6DC9000D225B /* Debug */ = {
			isa = XCBuildConfiguration;
			buildSettings = {
				ASSETCATALOG_COMPILER_APPICON_NAME = AppIcon;
				ASSETCATALOG_COMPILER_GLOBAL_ACCENT_COLOR_NAME = AccentColor;
				CODE_SIGN_STYLE = Automatic;
				CURRENT_PROJECT_VERSION = 1;
				DEVELOPMENT_ASSET_PATHS = "\"Check-Split/Preview Content\"";
				DEVELOPMENT_TEAM = 4V8RH85RKC;
				ENABLE_PREVIEWS = YES;
				GENERATE_INFOPLIST_FILE = YES;
				INFOPLIST_KEY_UIApplicationSceneManifest_Generation = YES;
				INFOPLIST_KEY_UIApplicationSupportsIndirectInputEvents = YES;
				INFOPLIST_KEY_UILaunchScreen_Generation = YES;
				INFOPLIST_KEY_UISupportedInterfaceOrientations_iPad = "UIInterfaceOrientationPortrait UIInterfaceOrientationPortraitUpsideDown UIInterfaceOrientationLandscapeLeft UIInterfaceOrientationLandscapeRight";
				INFOPLIST_KEY_UISupportedInterfaceOrientations_iPhone = "UIInterfaceOrientationPortrait UIInterfaceOrientationLandscapeLeft UIInterfaceOrientationLandscapeRight";
				LD_RUNPATH_SEARCH_PATHS = (
					"$(inherited)",
					"@executable_path/Frameworks",
				);
				MARKETING_VERSION = 1.0;
				PRODUCT_BUNDLE_IDENTIFIER = "micah.njeru.Check-Split";
				PRODUCT_NAME = "$(TARGET_NAME)";
				SWIFT_EMIT_LOC_STRINGS = YES;
				SWIFT_VERSION = 5.0;
				TARGETED_DEVICE_FAMILY = "1,2";
			};
			name = Debug;
		};
		75651DE429CB6DC9000D225B /* Release */ = {
			isa = XCBuildConfiguration;
			buildSettings = {
				ASSETCATALOG_COMPILER_APPICON_NAME = AppIcon;
				ASSETCATALOG_COMPILER_GLOBAL_ACCENT_COLOR_NAME = AccentColor;
				CODE_SIGN_STYLE = Automatic;
				CURRENT_PROJECT_VERSION = 1;
				DEVELOPMENT_ASSET_PATHS = "\"Check-Split/Preview Content\"";
				DEVELOPMENT_TEAM = 4V8RH85RKC;
				ENABLE_PREVIEWS = YES;
				GENERATE_INFOPLIST_FILE = YES;
				INFOPLIST_KEY_UIApplicationSceneManifest_Generation = YES;
				INFOPLIST_KEY_UIApplicationSupportsIndirectInputEvents = YES;
				INFOPLIST_KEY_UILaunchScreen_Generation = YES;
				INFOPLIST_KEY_UISupportedInterfaceOrientations_iPad = "UIInterfaceOrientationPortrait UIInterfaceOrientationPortraitUpsideDown UIInterfaceOrientationLandscapeLeft UIInterfaceOrientationLandscapeRight";
				INFOPLIST_KEY_UISupportedInterfaceOrientations_iPhone = "UIInterfaceOrientationPortrait UIInterfaceOrientationLandscapeLeft UIInterfaceOrientationLandscapeRight";
				LD_RUNPATH_SEARCH_PATHS = (
					"$(inherited)",
					"@executable_path/Frameworks",
				);
				MARKETING_VERSION = 1.0;
				PRODUCT_BUNDLE_IDENTIFIER = "micah.njeru.Check-Split";
				PRODUCT_NAME = "$(TARGET_NAME)";
				SWIFT_EMIT_LOC_STRINGS = YES;
				SWIFT_VERSION = 5.0;
				TARGETED_DEVICE_FAMILY = "1,2";
			};
			name = Release;
		};
/* End XCBuildConfiguration section */

/* Begin XCConfigurationList section */
		75651DCF29CB6DC8000D225B /* Build configuration list for PBXProject "Check-Split" */ = {
			isa = XCConfigurationList;
			buildConfigurations = (
				75651DE029CB6DC9000D225B /* Debug */,
				75651DE129CB6DC9000D225B /* Release */,
			);
			defaultConfigurationIsVisible = 0;
			defaultConfigurationName = Release;
		};
		75651DE229CB6DC9000D225B /* Build configuration list for PBXNativeTarget "Check-Split" */ = {
			isa = XCConfigurationList;
			buildConfigurations = (
				75651DE329CB6DC9000D225B /* Debug */,
				75651DE429CB6DC9000D225B /* Release */,
			);
			defaultConfigurationIsVisible = 0;
			defaultConfigurationName = Release;
		};
/* End XCConfigurationList section */
	};
	rootObject = 75651DCC29CB6DC8000D225B /* Project object */;
}
